
Microsoft Visual Studio Solution File, Format Version 12.00
# Visual Studio 14
VisualStudioVersion = 14.0.23107.0
MinimumVisualStudioVersion = 10.0.40219.1
Project("{8BC9CEB8-8B4A-11D0-8D11-00A0C91BC942}") = "UnitTests", "UnitTests\UnitTests.vcxproj", "{525399A1-B88A-4C16-B2F0-16C92B2A522C}"
EndProject
Project("{8BC9CEB8-8B4A-11D0-8D11-00A0C91BC942}") = "Lib", "Lib\Lib.vcxproj", "{E9B19AE7-10CC-4997-B9D6-8ABD113F32F0}"
EndProject
Project("{8BC9CEB8-8B4A-11D0-8D11-00A0C91BC942}") = "App", "App\App.vcxproj", "{78DBB817-DDA3-4C9E-AB7A-FAF4496DCEAC}"
	ProjectSection(ProjectDependencies) = postProject
		{E9B19AE7-10CC-4997-B9D6-8ABD113F32F0} = {E9B19AE7-10CC-4997-B9D6-8ABD113F32F0}
	EndProjectSection
EndProject
Project("{8BC9CEB8-8B4A-11D0-8D11-00A0C91BC942}") = "dll_mpir_nehalem", "..\..\..\..\..\..\Program Files (x86)\Microsoft Visual Studio 14.0\mpir-2.7.2\build.vc14\dll_mpir_nehalem\dll_mpir_nehalem.vcxproj", "{8C76B718-5988-42DB-8C39-5C4966A00C29}"
EndProject
Project("{8BC9CEB8-8B4A-11D0-8D11-00A0C91BC942}") = "PerformanceTests", "PerformanceTests\PerformanceTests.vcxproj", "{CADF0943-A588-4C10-B8A6-6B948C58CB93}"
EndProject
Global
	GlobalSection(SolutionConfigurationPlatforms) = preSolution
		Debug|ARM = Debug|ARM
		Debug|x64 = Debug|x64
		Debug|x86 = Debug|x86
		Release|ARM = Release|ARM
		Release|x64 = Release|x64
		Release|x86 = Release|x86
	EndGlobalSection
	GlobalSection(ProjectConfigurationPlatforms) = postSolution
		{525399A1-B88A-4C16-B2F0-16C92B2A522C}.Debug|ARM.ActiveCfg = Debug|x64
		{525399A1-B88A-4C16-B2F0-16C92B2A522C}.Debug|x64.ActiveCfg = Debug|x64
		{525399A1-B88A-4C16-B2F0-16C92B2A522C}.Debug|x64.Build.0 = Debug|x64
		{525399A1-B88A-4C16-B2F0-16C92B2A522C}.Debug|x86.ActiveCfg = Debug|x64
		{525399A1-B88A-4C16-B2F0-16C92B2A522C}.Debug|x86.Build.0 = Debug|Win32
		{525399A1-B88A-4C16-B2F0-16C92B2A522C}.Release|ARM.ActiveCfg = Release|x64
		{525399A1-B88A-4C16-B2F0-16C92B2A522C}.Release|x64.ActiveCfg = Release|x64
		{525399A1-B88A-4C16-B2F0-16C92B2A522C}.Release|x64.Build.0 = Release|x64
		{525399A1-B88A-4C16-B2F0-16C92B2A522C}.Release|x86.ActiveCfg = Release|x64
		{525399A1-B88A-4C16-B2F0-16C92B2A522C}.Release|x86.Build.0 = Release|Win32
		{E9B19AE7-10CC-4997-B9D6-8ABD113F32F0}.Debug|ARM.ActiveCfg = Debug|x64
		{E9B19AE7-10CC-4997-B9D6-8ABD113F32F0}.Debug|ARM.Build.0 = Debug|x64
		{E9B19AE7-10CC-4997-B9D6-8ABD113F32F0}.Debug|x64.ActiveCfg = Debug|x64
		{E9B19AE7-10CC-4997-B9D6-8ABD113F32F0}.Debug|x64.Build.0 = Debug|x64
		{E9B19AE7-10CC-4997-B9D6-8ABD113F32F0}.Debug|x86.ActiveCfg = Debug|x64
		{E9B19AE7-10CC-4997-B9D6-8ABD113F32F0}.Debug|x86.Build.0 = Debug|x64
		{E9B19AE7-10CC-4997-B9D6-8ABD113F32F0}.Release|ARM.ActiveCfg = Release|x64
		{E9B19AE7-10CC-4997-B9D6-8ABD113F32F0}.Release|ARM.Build.0 = Release|x64
		{E9B19AE7-10CC-4997-B9D6-8ABD113F32F0}.Release|x64.ActiveCfg = Release|x64
		{E9B19AE7-10CC-4997-B9D6-8ABD113F32F0}.Release|x64.Build.0 = Release|x64
		{E9B19AE7-10CC-4997-B9D6-8ABD113F32F0}.Release|x86.ActiveCfg = Release|x64
		{E9B19AE7-10CC-4997-B9D6-8ABD113F32F0}.Release|x86.Build.0 = Release|x64
		{78DBB817-DDA3-4C9E-AB7A-FAF4496DCEAC}.Debug|ARM.ActiveCfg = Debug|x64
		{78DBB817-DDA3-4C9E-AB7A-FAF4496DCEAC}.Debug|x64.ActiveCfg = Debug|x64
		{78DBB817-DDA3-4C9E-AB7A-FAF4496DCEAC}.Debug|x64.Build.0 = Debug|x64
		{78DBB817-DDA3-4C9E-AB7A-FAF4496DCEAC}.Debug|x86.ActiveCfg = Debug|x64
		{78DBB817-DDA3-4C9E-AB7A-FAF4496DCEAC}.Debug|x86.Build.0 = Debug|Win32
		{78DBB817-DDA3-4C9E-AB7A-FAF4496DCEAC}.Release|ARM.ActiveCfg = Release|x64
		{78DBB817-DDA3-4C9E-AB7A-FAF4496DCEAC}.Release|x64.ActiveCfg = Release|x64
		{78DBB817-DDA3-4C9E-AB7A-FAF4496DCEAC}.Release|x64.Build.0 = Release|x64
		{78DBB817-DDA3-4C9E-AB7A-FAF4496DCEAC}.Release|x86.ActiveCfg = Release|x64
		{78DBB817-DDA3-4C9E-AB7A-FAF4496DCEAC}.Release|x86.Build.0 = Release|Win32
		{8C76B718-5988-42DB-8C39-5C4966A00C29}.Debug|ARM.ActiveCfg = Debug|x64
		{8C76B718-5988-42DB-8C39-5C4966A00C29}.Debug|x64.ActiveCfg = Debug|x64
		{8C76B718-5988-42DB-8C39-5C4966A00C29}.Debug|x64.Build.0 = Debug|x64
		{8C76B718-5988-42DB-8C39-5C4966A00C29}.Debug|x86.ActiveCfg = Debug|x64
		{8C76B718-5988-42DB-8C39-5C4966A00C29}.Release|ARM.ActiveCfg = Release|x64
		{8C76B718-5988-42DB-8C39-5C4966A00C29}.Release|x64.ActiveCfg = Release|x64
		{8C76B718-5988-42DB-8C39-5C4966A00C29}.Release|x64.Build.0 = Release|x64
		{8C76B718-5988-42DB-8C39-5C4966A00C29}.Release|x86.ActiveCfg = Release|x64
		{CADF0943-A588-4C10-B8A6-6B948C58CB93}.Debug|ARM.ActiveCfg = Debug|Win32
		{CADF0943-A588-4C10-B8A6-6B948C58CB93}.Debug|x64.ActiveCfg = Debug|x64
		{CADF0943-A588-4C10-B8A6-6B948C58CB93}.Debug|x64.Build.0 = Debug|x64
		{CADF0943-A588-4C10-B8A6-6B948C58CB93}.Debug|x86.ActiveCfg = Debug|Win32
		{CADF0943-A588-4C10-B8A6-6B948C58CB93}.Debug|x86.Build.0 = Debug|Win32
		{CADF0943-A588-4C10-B8A6-6B948C58CB93}.Release|ARM.ActiveCfg = Release|Win32
		{CADF0943-A588-4C10-B8A6-6B948C58CB93}.Release|x64.ActiveCfg = Release|x64
		{CADF0943-A588-4C10-B8A6-6B948C58CB93}.Release|x64.Build.0 = Release|x64
		{CADF0943-A588-4C10-B8A6-6B948C58CB93}.Release|x86.ActiveCfg = Release|Win32
		{CADF0943-A588-4C10-B8A6-6B948C58CB93}.Release|x86.Build.0 = Release|Win32
	EndGlobalSection
	GlobalSection(SolutionProperties) = preSolution
		HideSolutionNode = FALSE
	EndGlobalSection
EndGlobal
